
Microsoft Visual Studio Solution File, Format Version 12.00
# Visual Studio 2012
Project("{FAE04EC0-301F-11D3-BF4B-00C04F79EFBC}") = "MillionSongsDataWrapper", "MillionSongsDataWrapper\MillionSongsDataWrapper.csproj", "{24796E43-88EA-48F0-AFC1-1BB2ECDBC97D}"
EndProject
Project("{FAE04EC0-301F-11D3-BF4B-00C04F79EFBC}") = "ESOMDataWrapper", "ESOMDataWrapper\ESOMDataWrapper.csproj", "{BF5036C2-33C8-473B-8D69-7C1348814736}"
EndProject
Project("{FAE04EC0-301F-11D3-BF4B-00C04F79EFBC}") = "ESOMDataWrapperTest", "ESOMDataWrapperTest\ESOMDataWrapperTest.csproj", "{00307A3E-6108-423F-98BB-39D3223C1AF3}"
EndProject
Project("{FAE04EC0-301F-11D3-BF4B-00C04F79EFBC}") = "LRNWriter", "LRNWriter\LRNWriter.csproj", "{7E9961A1-A527-4641-B062-C20A36062F1B}"
EndProject
Project("{FAE04EC0-301F-11D3-BF4B-00C04F79EFBC}") = "HDF5Reader", "HDF5Reader\HDF5Reader.csproj", "{021C7639-A2ED-4004-91FC-3EC0B6EFC4C6}"
	ProjectSection(ProjectDependencies) = postProject
		{24796E43-88EA-48F0-AFC1-1BB2ECDBC97D} = {24796E43-88EA-48F0-AFC1-1BB2ECDBC97D}
	EndProjectSection
EndProject
Project("{FAE04EC0-301F-11D3-BF4B-00C04F79EFBC}") = "UltimateConverter9000", "UltimateConverter9000\UltimateConverter9000.csproj", "{D8BC4D27-4BA3-405D-9E96-5D0B18E6C7BA}"
EndProject
Project("{FAE04EC0-301F-11D3-BF4B-00C04F79EFBC}") = "NamesWriter", "NamesWriter\NamesWriter.csproj", "{D6D291DA-7A54-4F7D-9A9E-5ADFF98FA8AF}"
EndProject
Project("{FAE04EC0-301F-11D3-BF4B-00C04F79EFBC}") = "Graph", "Graph\Graph.csproj", "{0407B026-7A41-4239-B083-F719B1D4ED76}"
EndProject
Project("{FAE04EC0-301F-11D3-BF4B-00C04F79EFBC}") = "Utilities", "Utilities\Utilities.csproj", "{1ACE537A-F03E-48BC-AC48-B165B8D8DA28}"
EndProject
Project("{FAE04EC0-301F-11D3-BF4B-00C04F79EFBC}") = "TestModulo", "TestModulo\TestModulo.csproj", "{2E225861-B4CB-4E04-8800-9C869CD256B1}"
EndProject
Project("{FAE04EC0-301F-11D3-BF4B-00C04F79EFBC}") = "BestMatchKNN", "BestMatchKNN\BestMatchKNN.csproj", "{B4ADCBC5-63B3-4D80-B623-6B58CE83DE61}"
EndProject
Project("{FAE04EC0-301F-11D3-BF4B-00C04F79EFBC}") = "UltimateReader9000", "UltimateReader9000\UltimateReader9000.csproj", "{EEF6663F-53D7-4EF7-A95A-A58A3C20AF78}"
EndProject
Global
	GlobalSection(SolutionConfigurationPlatforms) = preSolution
		Debug|Any CPU = Debug|Any CPU
		Release|Any CPU = Release|Any CPU
	EndGlobalSection
	GlobalSection(ProjectConfigurationPlatforms) = postSolution
		{24796E43-88EA-48F0-AFC1-1BB2ECDBC97D}.Debug|Any CPU.ActiveCfg = Debug|Any CPU
		{24796E43-88EA-48F0-AFC1-1BB2ECDBC97D}.Debug|Any CPU.Build.0 = Debug|Any CPU
		{24796E43-88EA-48F0-AFC1-1BB2ECDBC97D}.Release|Any CPU.ActiveCfg = Release|Any CPU
		{24796E43-88EA-48F0-AFC1-1BB2ECDBC97D}.Release|Any CPU.Build.0 = Release|Any CPU
		{BF5036C2-33C8-473B-8D69-7C1348814736}.Debug|Any CPU.ActiveCfg = Debug|Any CPU
		{BF5036C2-33C8-473B-8D69-7C1348814736}.Debug|Any CPU.Build.0 = Debug|Any CPU
		{BF5036C2-33C8-473B-8D69-7C1348814736}.Release|Any CPU.ActiveCfg = Release|Any CPU
		{BF5036C2-33C8-473B-8D69-7C1348814736}.Release|Any CPU.Build.0 = Release|Any CPU
		{00307A3E-6108-423F-98BB-39D3223C1AF3}.Debug|Any CPU.ActiveCfg = Debug|Any CPU
		{00307A3E-6108-423F-98BB-39D3223C1AF3}.Debug|Any CPU.Build.0 = Debug|Any CPU
		{00307A3E-6108-423F-98BB-39D3223C1AF3}.Release|Any CPU.ActiveCfg = Release|Any CPU
		{00307A3E-6108-423F-98BB-39D3223C1AF3}.Release|Any CPU.Build.0 = Release|Any CPU
		{7E9961A1-A527-4641-B062-C20A36062F1B}.Debug|Any CPU.ActiveCfg = Debug|Any CPU
		{7E9961A1-A527-4641-B062-C20A36062F1B}.Debug|Any CPU.Build.0 = Debug|Any CPU
		{7E9961A1-A527-4641-B062-C20A36062F1B}.Release|Any CPU.ActiveCfg = Release|Any CPU
		{7E9961A1-A527-4641-B062-C20A36062F1B}.Release|Any CPU.Build.0 = Release|Any CPU
		{021C7639-A2ED-4004-91FC-3EC0B6EFC4C6}.Debug|Any CPU.ActiveCfg = Debug|Any CPU
		{021C7639-A2ED-4004-91FC-3EC0B6EFC4C6}.Debug|Any CPU.Build.0 = Debug|Any CPU
		{021C7639-A2ED-4004-91FC-3EC0B6EFC4C6}.Release|Any CPU.ActiveCfg = Release|Any CPU
		{021C7639-A2ED-4004-91FC-3EC0B6EFC4C6}.Release|Any CPU.Build.0 = Release|Any CPU
		{D8BC4D27-4BA3-405D-9E96-5D0B18E6C7BA}.Debug|Any CPU.ActiveCfg = Debug|Any CPU
		{D8BC4D27-4BA3-405D-9E96-5D0B18E6C7BA}.Debug|Any CPU.Build.0 = Debug|Any CPU
		{D8BC4D27-4BA3-405D-9E96-5D0B18E6C7BA}.Release|Any CPU.ActiveCfg = Release|Any CPU
		{D8BC4D27-4BA3-405D-9E96-5D0B18E6C7BA}.Release|Any CPU.Build.0 = Release|Any CPU
		{D6D291DA-7A54-4F7D-9A9E-5ADFF98FA8AF}.Debug|Any CPU.ActiveCfg = Debug|Any CPU
		{D6D291DA-7A54-4F7D-9A9E-5ADFF98FA8AF}.Debug|Any CPU.Build.0 = Debug|Any CPU
		{D6D291DA-7A54-4F7D-9A9E-5ADFF98FA8AF}.Release|Any CPU.ActiveCfg = Release|Any CPU
		{D6D291DA-7A54-4F7D-9A9E-5ADFF98FA8AF}.Release|Any CPU.Build.0 = Release|Any CPU
		{0407B026-7A41-4239-B083-F719B1D4ED76}.Debug|Any CPU.ActiveCfg = Debug|Any CPU
		{0407B026-7A41-4239-B083-F719B1D4ED76}.Debug|Any CPU.Build.0 = Debug|Any CPU
		{0407B026-7A41-4239-B083-F719B1D4ED76}.Release|Any CPU.ActiveCfg = Release|Any CPU
		{0407B026-7A41-4239-B083-F719B1D4ED76}.Release|Any CPU.Build.0 = Release|Any CPU
		{1ACE537A-F03E-48BC-AC48-B165B8D8DA28}.Debug|Any CPU.ActiveCfg = Debug|Any CPU
		{1ACE537A-F03E-48BC-AC48-B165B8D8DA28}.Debug|Any CPU.Build.0 = Debug|Any CPU
		{1ACE537A-F03E-48BC-AC48-B165B8D8DA28}.Release|Any CPU.ActiveCfg = Release|Any CPU
		{1ACE537A-F03E-48BC-AC48-B165B8D8DA28}.Release|Any CPU.Build.0 = Release|Any CPU
		{2E225861-B4CB-4E04-8800-9C869CD256B1}.Debug|Any CPU.ActiveCfg = Debug|Any CPU
		{2E225861-B4CB-4E04-8800-9C869CD256B1}.Debug|Any CPU.Build.0 = Debug|Any CPU
		{2E225861-B4CB-4E04-8800-9C869CD256B1}.Release|Any CPU.ActiveCfg = Release|Any CPU
		{2E225861-B4CB-4E04-8800-9C869CD256B1}.Release|Any CPU.Build.0 = Release|Any CPU
		{B4ADCBC5-63B3-4D80-B623-6B58CE83DE61}.Debug|Any CPU.ActiveCfg = Debug|Any CPU
		{B4ADCBC5-63B3-4D80-B623-6B58CE83DE61}.Debug|Any CPU.Build.0 = Debug|Any CPU
		{B4ADCBC5-63B3-4D80-B623-6B58CE83DE61}.Release|Any CPU.ActiveCfg = Release|Any CPU
		{B4ADCBC5-63B3-4D80-B623-6B58CE83DE61}.Release|Any CPU.Build.0 = Release|Any CPU
		{EEF6663F-53D7-4EF7-A95A-A58A3C20AF78}.Debug|Any CPU.ActiveCfg = Debug|Any CPU
		{EEF6663F-53D7-4EF7-A95A-A58A3C20AF78}.Debug|Any CPU.Build.0 = Debug|Any CPU
		{EEF6663F-53D7-4EF7-A95A-A58A3C20AF78}.Release|Any CPU.ActiveCfg = Release|Any CPU
		{EEF6663F-53D7-4EF7-A95A-A58A3C20AF78}.Release|Any CPU.Build.0 = Release|Any CPU
	EndGlobalSection
	GlobalSection(SolutionProperties) = preSolution
		HideSolutionNode = FALSE
	EndGlobalSection
EndGlobal
